
Microsoft Visual Studio Solution File, Format Version 12.00
# Visual Studio 15
Project("{FAE04EC0-301F-11D3-BF4B-00C04F79EFBC}") = "Assembly-CSharp", "Assembly-CSharp.csproj", "{EA273971-1288-D467-05D7-2D92453ECC49}"
EndProject
Global
	GlobalSection(SolutionConfigurationPlatforms) = preSolution
		Debug|Any CPU = Debug|Any CPU
		Release|Any CPU = Release|Any CPU
	EndGlobalSection
	GlobalSection(ProjectConfigurationPlatforms) = postSolution
		{EA273971-1288-D467-05D7-2D92453ECC49}.Debug|Any CPU.ActiveCfg = Debug|Any CPU
		{EA273971-1288-D467-05D7-2D92453ECC49}.Debug|Any CPU.Build.0 = Debug|Any CPU
		{EA273971-1288-D467-05D7-2D92453ECC49}.Release|Any CPU.ActiveCfg = Release|Any CPU
		{EA273971-1288-D467-05D7-2D92453ECC49}.Release|Any CPU.Build.0 = Release|Any CPU
	EndGlobalSection
	GlobalSection(SolutionProperties) = preSolution
		HideSolutionNode = FALSE
	EndGlobalSection
EndGlobal
